// !$*UTF8*$!
{
	archiveVersion = 1;
	classes = {
	};
	objectVersion = 46;
	objects = {

/* Begin PBXBuildFile section */
		140935B11C7261FE00679A4B /* AppDelegate.swift in Sources */ = {isa = PBXBuildFile; fileRef = 140935B01C7261FE00679A4B /* AppDelegate.swift */; };
		140935B31C7261FE00679A4B /* RecordSoundViewController.swift in Sources */ = {isa = PBXBuildFile; fileRef = 140935B21C7261FE00679A4B /* RecordSoundViewController.swift */; };
		140935B61C7261FE00679A4B /* Main.storyboard in Resources */ = {isa = PBXBuildFile; fileRef = 140935B41C7261FE00679A4B /* Main.storyboard */; };
		140935B81C7261FE00679A4B /* Assets.xcassets in Resources */ = {isa = PBXBuildFile; fileRef = 140935B71C7261FE00679A4B /* Assets.xcassets */; };
		140935BB1C7261FE00679A4B /* LaunchScreen.storyboard in Resources */ = {isa = PBXBuildFile; fileRef = 140935B91C7261FE00679A4B /* LaunchScreen.storyboard */; };
		140935C31C7262AE00679A4B /* PlaySoundViewController.swift in Sources */ = {isa = PBXBuildFile; fileRef = 140935C21C7262AE00679A4B /* PlaySoundViewController.swift */; };
/* End PBXBuildFile section */

/* Begin PBXFileReference section */
		140935AD1C7261FE00679A4B /* Pitch Perfect.app */ = {isa = PBXFileReference; explicitFileType = wrapper.application; includeInIndex = 0; path = "Pitch Perfect.app"; sourceTree = BUILT_PRODUCTS_DIR; };
		140935B01C7261FE00679A4B /* AppDelegate.swift */ = {isa = PBXFileReference; lastKnownFileType = sourcecode.swift; path = AppDelegate.swift; sourceTree = "<group>"; };
		140935B21C7261FE00679A4B /* RecordSoundViewController.swift */ = {isa = PBXFileReference; lastKnownFileType = sourcecode.swift; path = RecordSoundViewController.swift; sourceTree = "<group>"; };
		140935B51C7261FE00679A4B /* Base */ = {isa = PBXFileReference; lastKnownFileType = file.storyboard; name = Base; path = Base.lproj/Main.storyboard; sourceTree = "<group>"; };
		140935B71C7261FE00679A4B /* Assets.xcassets */ = {isa = PBXFileReference; lastKnownFileType = folder.assetcatalog; path = Assets.xcassets; sourceTree = "<group>"; };
		140935BA1C7261FE00679A4B /* Base */ = {isa = PBXFileReference; lastKnownFileType = file.storyboard; name = Base; path = Base.lproj/LaunchScreen.storyboard; sourceTree = "<group>"; };
		140935BC1C7261FE00679A4B /* Info.plist */ = {isa = PBXFileReference; lastKnownFileType = text.plist.xml; path = Info.plist; sourceTree = "<group>"; };
		140935C21C7262AE00679A4B /* PlaySoundViewController.swift */ = {isa = PBXFileReference; fileEncoding = 4; lastKnownFileType = sourcecode.swift; path = PlaySoundViewController.swift; sourceTree = "<group>"; };
/* End PBXFileReference section */

/* Begin PBXFrameworksBuildPhase section */
		140935AA1C7261FE00679A4B /* Frameworks */ = {
			isa = PBXFrameworksBuildPhase;
			buildActionMask = 2147483647;
			files = (
			);
			runOnlyForDeploymentPostprocessing = 0;
		};
/* End PBXFrameworksBuildPhase section */

/* Begin PBXGroup section */
		140935A41C7261FE00679A4B = {
			isa = PBXGroup;
			children = (
				140935AF1C7261FE00679A4B /* Pitch Perfect */,
				140935AE1C7261FE00679A4B /* Products */,
			);
			sourceTree = "<group>";
		};
		140935AE1C7261FE00679A4B /* Products */ = {
			isa = PBXGroup;
			children = (
				140935AD1C7261FE00679A4B /* Pitch Perfect.app */,
			);
			name = Products;
			sourceTree = "<group>";
		};
		140935AF1C7261FE00679A4B /* Pitch Perfect */ = {
			isa = PBXGroup;
			children = (
				140935B01C7261FE00679A4B /* AppDelegate.swift */,
				140935B21C7261FE00679A4B /* RecordSoundViewController.swift */,
				140935B41C7261FE00679A4B /* Main.storyboard */,
				140935C21C7262AE00679A4B /* PlaySoundViewController.swift */,
				140935B71C7261FE00679A4B /* Assets.xcassets */,
				140935B91C7261FE00679A4B /* LaunchScreen.storyboard */,
				140935BC1C7261FE00679A4B /* Info.plist */,
			);
			path = "Pitch Perfect";
			sourceTree = "<group>";
		};
/* End PBXGroup section */

/* Begin PBXNativeTarget section */
		140935AC1C7261FE00679A4B /* Pitch Perfect */ = {
			isa = PBXNativeTarget;
			buildConfigurationList = 140935BF1C7261FE00679A4B /* Build configuration list for PBXNativeTarget "Pitch Perfect" */;
			buildPhases = (
				140935A91C7261FE00679A4B /* Sources */,
				140935AA1C7261FE00679A4B /* Frameworks */,
				140935AB1C7261FE00679A4B /* Resources */,
			);
			buildRules = (
			);
			dependencies = (
			);
			name = "Pitch Perfect";
			productName = "Pitch Perfect";
			productReference = 140935AD1C7261FE00679A4B /* Pitch Perfect.app */;
			productType = "com.apple.product-type.application";
		};
/* End PBXNativeTarget section */

/* Begin PBXProject section */
		140935A51C7261FE00679A4B /* Project object */ = {
			isa = PBXProject;
			attributes = {
				LastSwiftUpdateCheck = 0720;
				LastUpgradeCheck = 0720;
				ORGANIZATIONNAME = "Geoffrey Ching";
				TargetAttributes = {
					140935AC1C7261FE00679A4B = {
						CreatedOnToolsVersion = 7.2.1;
					};
				};
			};
			buildConfigurationList = 140935A81C7261FE00679A4B /* Build configuration list for PBXProject "Pitch Perfect" */;
			compatibilityVersion = "Xcode 3.2";
			developmentRegion = English;
			hasScannedForEncodings = 0;
			knownRegions = (
				en,
				Base,
			);
			mainGroup = 140935A41C7261FE00679A4B;
			productRefGroup = 140935AE1C7261FE00679A4B /* Products */;
			projectDirPath = "";
			projectRoot = "";
			targets = (
				140935AC1C7261FE00679A4B /* Pitch Perfect */,
			);
		};
/* End PBXProject section */

/* Begin PBXResourcesBuildPhase section */
		140935AB1C7261FE00679A4B /* Resources */ = {
			isa = PBXResourcesBuildPhase;
			buildActionMask = 2147483647;
			files = (
				140935BB1C7261FE00679A4B /* LaunchScreen.storyboard in Resources */,
				140935B81C7261FE00679A4B /* Assets.xcassets in Resources */,
				140935B61C7261FE00679A4B /* Main.storyboard in Resources */,
			);
			runOnlyForDeploymentPostprocessing = 0;
		};
/* End PBXResourcesBuildPhase section */

/* Begin PBXSourcesBuildPhase section */
		140935A91C7261FE00679A4B /* Sources */ = {
			isa = PBXSourcesBuildPhase;
			buildActionMask = 2147483647;
			files = (
				140935B31C7261FE00679A4B /* RecordSoundViewController.swift in Sources */,
				140935C31C7262AE00679A4B /* PlaySoundViewController.swift in Sources */,
				140935B11C7261FE00679A4B /* AppDelegate.swift in Sources */,
			);
			runOnlyForDeploymentPostprocessing = 0;
		};
/* End PBXSourcesBuildPhase section */

/* Begin PBXVariantGroup section */
		140935B41C7261FE00679A4B /* Main.storyboard */ = {
			isa = PBXVariantGroup;
			children = (
				140935B51C7261FE00679A4B /* Base */,
			);
			name = Main.storyboard;
			sourceTree = "<group>";
		};
		140935B91C7261FE00679A4B /* LaunchScreen.storyboard */ = {
			isa = PBXVariantGroup;
			children = (
				140935BA1C7261FE00679A4B /* Base */,
			);
			name = LaunchScreen.storyboard;
			sourceTree = "<group>";
		};
/* End PBXVariantGroup section */

/* Begin XCBuildConfiguration section */
		140935BD1C7261FE00679A4B /* Debug */ = {
			isa = XCBuildConfiguration;
			buildSettings = {
				ALWAYS_SEARCH_USER_PATHS = NO;
				CLANG_CXX_LANGUAGE_STANDARD = "gnu++0x";
				CLANG_CXX_LIBRARY = "libc++";
				CLANG_ENABLE_MODULES = YES;
				CLANG_ENABLE_OBJC_ARC = YES;
				CLANG_WARN_BOOL_CONVERSION = YES;
				CLANG_WARN_CONSTANT_CONVERSION = YES;
				CLANG_WARN_DIRECT_OBJC_ISA_USAGE = YES_ERROR;
				CLANG_WARN_EMPTY_BODY = YES;
				CLANG_WARN_ENUM_CONVERSION = YES;
				CLANG_WARN_INT_CONVERSION = YES;
				CLANG_WARN_OBJC_ROOT_CLASS = YES_ERROR;
				CLANG_WARN_UNREACHABLE_CODE = YES;
				CLANG_WARN__DUPLICATE_METHOD_MATCH = YES;
				"CODE_SIGN_IDENTITY[sdk=iphoneos*]" = "iPhone Developer";
				COPY_PHASE_STRIP = NO;
				DEBUG_INFORMATION_FORMAT = dwarf;
				ENABLE_STRICT_OBJC_MSGSEND = YES;
				ENABLE_TESTABILITY = YES;
				GCC_C_LANGUAGE_STANDARD = gnu99;
				GCC_DYNAMIC_NO_PIC = NO;
				GCC_NO_COMMON_BLOCKS = YES;
				GCC_OPTIMIZATION_LEVEL = 0;
				GCC_PREPROCESSOR_DEFINITIONS = (
					"DEBUG=1",
					"$(inherited)",
				);
				GCC_WARN_64_TO_32_BIT_CONVERSION = YES;
				GCC_WARN_ABOUT_RETURN_TYPE = YES_ERROR;
				GCC_WARN_UNDECLARED_SELECTOR = YES;
				GCC_WARN_UNINITIALIZED_AUTOS = YES_AGGRESSIVE;
				GCC_WARN_UNUSED_FUNCTION = YES;
				GCC_WARN_UNUSED_VARIABLE = YES;
				IPHONEOS_DEPLOYMENT_TARGET = 9.2;
				MTL_ENABLE_DEBUG_INFO = YES;
				ONLY_ACTIVE_ARCH = YES;
				SDKROOT = iphoneos;
				SWIFT_OPTIMIZATION_LEVEL = "-Onone";
				TARGETED_DEVICE_FAMILY = "1,2";
			};
			name = Debug;
		};
		140935BE1C7261FE00679A4B /* Release */ = {
			isa = XCBuildConfiguration;
			buildSettings = {
				ALWAYS_SEARCH_USER_PATHS = NO;
				CLANG_CXX_LANGUAGE_STANDARD = "gnu++0x";
				CLANG_CXX_LIBRARY = "libc++";
				CLANG_ENABLE_MODULES = YES;
				CLANG_ENABLE_OBJC_ARC = YES;
				CLANG_WARN_BOOL_CONVERSION = YES;
				CLANG_WARN_CONSTANT_CONVERSION = YES;
				CLANG_WARN_DIRECT_OBJC_ISA_USAGE = YES_ERROR;
				CLANG_WARN_EMPTY_BODY = YES;
				CLANG_WARN_ENUM_CONVERSION = YES;
				CLANG_WARN_INT_CONVERSION = YES;
				CLANG_WARN_OBJC_ROOT_CLASS = YES_ERROR;
				CLANG_WARN_UNREACHABLE_CODE = YES;
				CLANG_WARN__DUPLICATE_METHOD_MATCH = YES;
				"CODE_SIGN_IDENTITY[sdk=iphoneos*]" = "iPhone Developer";
				COPY_PHASE_STRIP = NO;
				DEBUG_INFORMATION_FORMAT = "dwarf-with-dsym";
				ENABLE_NS_ASSERTIONS = NO;
				ENABLE_STRICT_OBJC_MSGSEND = YES;
				GCC_C_LANGUAGE_STANDARD = gnu99;
				GCC_NO_COMMON_BLOCKS = YES;
				GCC_WARN_64_TO_32_BIT_CONVERSION = YES;
				GCC_WARN_ABOUT_RETURN_TYPE = YES_ERROR;
				GCC_WARN_UNDECLARED_SELECTOR = YES;
				GCC_WARN_UNINITIALIZED_AUTOS = YES_AGGRESSIVE;
				GCC_WARN_UNUSED_FUNCTION = YES;
				GCC_WARN_UNUSED_VARIABLE = YES;
				IPHONEOS_DEPLOYMENT_TARGET = 9.2;
				MTL_ENABLE_DEBUG_INFO = NO;
				SDKROOT = iphoneos;
				TARGETED_DEVICE_FAMILY = "1,2";
				VALIDATE_PRODUCT = YES;
			};
			name = Release;
		};
		140935C01C7261FE00679A4B /* Debug */ = {
			isa = XCBuildConfiguration;
			buildSettings = {
				ASSETCATALOG_COMPILER_APPICON_NAME = AppIcon;
				INFOPLIST_FILE = "Pitch Perfect/Info.plist";
				LD_RUNPATH_SEARCH_PATHS = "$(inherited) @executable_path/Frameworks";
				PRODUCT_BUNDLE_IDENTIFIER = "com.geoffreyching.Pitch-Perfect";
				PRODUCT_NAME = "$(TARGET_NAME)";
			};
			name = Debug;
		};
		140935C11C7261FE00679A4B /* Release */ = {
			isa = XCBuildConfiguration;
			buildSettings = {
				ASSETCATALOG_COMPILER_APPICON_NAME = AppIcon;
				INFOPLIST_FILE = "Pitch Perfect/Info.plist";
				LD_RUNPATH_SEARCH_PATHS = "$(inherited) @executable_path/Frameworks";
				PRODUCT_BUNDLE_IDENTIFIER = "com.geoffreyching.Pitch-Perfect";
				PRODUCT_NAME = "$(TARGET_NAME)";
			};
			name = Release;
		};
/* End XCBuildConfiguration section */

/* Begin XCConfigurationList section */
		140935A81C7261FE00679A4B /* Build configuration list for PBXProject "Pitch Perfect" */ = {
			isa = XCConfigurationList;
			buildConfigurations = (
				140935BD1C7261FE00679A4B /* Debug */,
				140935BE1C7261FE00679A4B /* Release */,
			);
			defaultConfigurationIsVisible = 0;
			defaultConfigurationName = Release;
		};
		140935BF1C7261FE00679A4B /* Build configuration list for PBXNativeTarget "Pitch Perfect" */ = {
			isa = XCConfigurationList;
			buildConfigurations = (
				140935C01C7261FE00679A4B /* Debug */,
				140935C11C7261FE00679A4B /* Release */,
			);
			defaultConfigurationIsVisible = 0;
			defaultConfigurationName = Release;
		};
/* End XCConfigurationList section */
	};
	rootObject = 140935A51C7261FE00679A4B /* Project object */;
}
